{
  "nodes": {
    "nixpkgs": {
      "locked": {
        "lastModified": 1677249740,
        "narHash": "sha256-1Pt/IeBLGAfr5KNankKociYxF6eIo6KfMOQLCY+CBjE=",
        "owner": "NixOS",
        "repo": "nixpkgs",
        "rev": "38f87b67bc320feeedeeb4e6912a3905f176b9ab",
        "type": "github"
      },
      "original": {
        "id": "nixpkgs",
        "ref": "release-22.11",
        "type": "indirect"
      }
    },
    "root": {
      "inputs": {
        "nixpkgs": "nixpkgs"
      }
    }
  },
  "root": "root",
  "version": 7
}
